
Microsoft Visual Studio Solution File, Format Version 12.00
# Visual Studio 15
VisualStudioVersion = 15.0.28307.757
MinimumVisualStudioVersion = 10.0.40219.1
Project("{8BC9CEB8-8B4A-11D0-8D11-00A0C91BC942}") = "2231", "..\2231\2231.vcxproj", "{CA2EB0D4-D793-4E63-87FC-7D52258AFAF6}"
EndProject
Project("{8BC9CEB8-8B4A-11D0-8D11-00A0C91BC942}") = "3085", "..\3085\3085.vcxproj", "{69C7A08C-2C3A-4927-9B3C-A6F8AF259511}"
EndProject
Project("{8BC9CEB8-8B4A-11D0-8D11-00A0C91BC942}") = "10845", "..\10845\10845.vcxproj", "{5D307787-F20C-40E7-93D7-FF65E8A18F02}"
EndProject
Project("{8BC9CEB8-8B4A-11D0-8D11-00A0C91BC942}") = "2309", "..\2309\2309.vcxproj", "{CB28665A-8482-494F-A136-B58E5AC2EA5D}"
EndProject
Project("{8BC9CEB8-8B4A-11D0-8D11-00A0C91BC942}") = "1966", "1966\1966.vcxproj", "{A6892824-1661-49F7-860C-D79245793850}"
EndProject
Project("{8BC9CEB8-8B4A-11D0-8D11-00A0C91BC942}") = "10828", "10828\10828.vcxproj", "{D5512A21-8EC7-4303-94BC-74E882CAEABC}"
EndProject
Project("{8BC9CEB8-8B4A-11D0-8D11-00A0C91BC942}") = "programmers", "programmers\programmers.vcxproj", "{9A70F7C9-331B-40DA-8164-9C3E7A203F12}"
EndProject
Project("{8BC9CEB8-8B4A-11D0-8D11-00A0C91BC942}") = "SeoulKim", "SeoulKim\SeoulKim.vcxproj", "{4ACE6E93-7BDE-41D6-A3B5-6B7851AB5174}"
EndProject
Project("{8BC9CEB8-8B4A-11D0-8D11-00A0C91BC942}") = "Moigosa", "Moigosa\Moigosa.vcxproj", "{7F3C3957-C113-4534-BA6A-63DEDCDADC22}"
EndProject
Project("{8BC9CEB8-8B4A-11D0-8D11-00A0C91BC942}") = "체육복", "체육복\체육복.vcxproj", "{5A4AC8D8-1874-4FE6-BD1A-8E9F53E7FDEC}"
EndProject
Project("{8BC9CEB8-8B4A-11D0-8D11-00A0C91BC942}") = "기능개발", "기능개발\기능개발.vcxproj", "{44C8D64D-C91E-41BF-AD97-E80F1296F268}"
EndProject
Project("{8BC9CEB8-8B4A-11D0-8D11-00A0C91BC942}") = "가운데글자", "가운데글자\가운데글자.vcxproj", "{0606D361-B1A0-4E99-9F50-A2CDA71FB297}"
EndProject
Project("{8BC9CEB8-8B4A-11D0-8D11-00A0C91BC942}") = "같은숫자", "같은숫자\같은숫자.vcxproj", "{DA17B92E-8AFF-48EC-807E-E629E4DE9630}"
EndProject
Project("{8BC9CEB8-8B4A-11D0-8D11-00A0C91BC942}") = "나누어떨어", "나누어떨어\나누어떨어.vcxproj", "{4A414102-B570-4A5F-AD63-5D74D9DDEB78}"
EndProject
Project("{8BC9CEB8-8B4A-11D0-8D11-00A0C91BC942}") = "두정수", "두정수\두정수.vcxproj", "{A7E356EC-C1D3-4FCC-842C-A0428ECDCD3C}"
EndProject
Global
	GlobalSection(SolutionConfigurationPlatforms) = preSolution
		Debug|x64 = Debug|x64
		Debug|x86 = Debug|x86
		Release|x64 = Release|x64
		Release|x86 = Release|x86
	EndGlobalSection
	GlobalSection(ProjectConfigurationPlatforms) = postSolution
		{CA2EB0D4-D793-4E63-87FC-7D52258AFAF6}.Debug|x64.ActiveCfg = Debug|x64
		{CA2EB0D4-D793-4E63-87FC-7D52258AFAF6}.Debug|x64.Build.0 = Debug|x64
		{CA2EB0D4-D793-4E63-87FC-7D52258AFAF6}.Debug|x86.ActiveCfg = Debug|Win32
		{CA2EB0D4-D793-4E63-87FC-7D52258AFAF6}.Debug|x86.Build.0 = Debug|Win32
		{CA2EB0D4-D793-4E63-87FC-7D52258AFAF6}.Release|x64.ActiveCfg = Release|x64
		{CA2EB0D4-D793-4E63-87FC-7D52258AFAF6}.Release|x64.Build.0 = Release|x64
		{CA2EB0D4-D793-4E63-87FC-7D52258AFAF6}.Release|x86.ActiveCfg = Release|Win32
		{CA2EB0D4-D793-4E63-87FC-7D52258AFAF6}.Release|x86.Build.0 = Release|Win32
		{69C7A08C-2C3A-4927-9B3C-A6F8AF259511}.Debug|x64.ActiveCfg = Debug|x64
		{69C7A08C-2C3A-4927-9B3C-A6F8AF259511}.Debug|x64.Build.0 = Debug|x64
		{69C7A08C-2C3A-4927-9B3C-A6F8AF259511}.Debug|x86.ActiveCfg = Debug|Win32
		{69C7A08C-2C3A-4927-9B3C-A6F8AF259511}.Debug|x86.Build.0 = Debug|Win32
		{69C7A08C-2C3A-4927-9B3C-A6F8AF259511}.Release|x64.ActiveCfg = Release|x64
		{69C7A08C-2C3A-4927-9B3C-A6F8AF259511}.Release|x64.Build.0 = Release|x64
		{69C7A08C-2C3A-4927-9B3C-A6F8AF259511}.Release|x86.ActiveCfg = Release|Win32
		{69C7A08C-2C3A-4927-9B3C-A6F8AF259511}.Release|x86.Build.0 = Release|Win32
		{5D307787-F20C-40E7-93D7-FF65E8A18F02}.Debug|x64.ActiveCfg = Debug|x64
		{5D307787-F20C-40E7-93D7-FF65E8A18F02}.Debug|x64.Build.0 = Debug|x64
		{5D307787-F20C-40E7-93D7-FF65E8A18F02}.Debug|x86.ActiveCfg = Debug|Win32
		{5D307787-F20C-40E7-93D7-FF65E8A18F02}.Debug|x86.Build.0 = Debug|Win32
		{5D307787-F20C-40E7-93D7-FF65E8A18F02}.Release|x64.ActiveCfg = Release|x64
		{5D307787-F20C-40E7-93D7-FF65E8A18F02}.Release|x64.Build.0 = Release|x64
		{5D307787-F20C-40E7-93D7-FF65E8A18F02}.Release|x86.ActiveCfg = Release|Win32
		{5D307787-F20C-40E7-93D7-FF65E8A18F02}.Release|x86.Build.0 = Release|Win32
		{CB28665A-8482-494F-A136-B58E5AC2EA5D}.Debug|x64.ActiveCfg = Debug|x64
		{CB28665A-8482-494F-A136-B58E5AC2EA5D}.Debug|x64.Build.0 = Debug|x64
		{CB28665A-8482-494F-A136-B58E5AC2EA5D}.Debug|x86.ActiveCfg = Debug|Win32
		{CB28665A-8482-494F-A136-B58E5AC2EA5D}.Debug|x86.Build.0 = Debug|Win32
		{CB28665A-8482-494F-A136-B58E5AC2EA5D}.Release|x64.ActiveCfg = Release|x64
		{CB28665A-8482-494F-A136-B58E5AC2EA5D}.Release|x64.Build.0 = Release|x64
		{CB28665A-8482-494F-A136-B58E5AC2EA5D}.Release|x86.ActiveCfg = Release|Win32
		{CB28665A-8482-494F-A136-B58E5AC2EA5D}.Release|x86.Build.0 = Release|Win32
		{A6892824-1661-49F7-860C-D79245793850}.Debug|x64.ActiveCfg = Debug|x64
		{A6892824-1661-49F7-860C-D79245793850}.Debug|x64.Build.0 = Debug|x64
		{A6892824-1661-49F7-860C-D79245793850}.Debug|x86.ActiveCfg = Debug|Win32
		{A6892824-1661-49F7-860C-D79245793850}.Debug|x86.Build.0 = Debug|Win32
		{A6892824-1661-49F7-860C-D79245793850}.Release|x64.ActiveCfg = Release|x64
		{A6892824-1661-49F7-860C-D79245793850}.Release|x64.Build.0 = Release|x64
		{A6892824-1661-49F7-860C-D79245793850}.Release|x86.ActiveCfg = Release|Win32
		{A6892824-1661-49F7-860C-D79245793850}.Release|x86.Build.0 = Release|Win32
		{D5512A21-8EC7-4303-94BC-74E882CAEABC}.Debug|x64.ActiveCfg = Debug|x64
		{D5512A21-8EC7-4303-94BC-74E882CAEABC}.Debug|x64.Build.0 = Debug|x64
		{D5512A21-8EC7-4303-94BC-74E882CAEABC}.Debug|x86.ActiveCfg = Debug|Win32
		{D5512A21-8EC7-4303-94BC-74E882CAEABC}.Debug|x86.Build.0 = Debug|Win32
		{D5512A21-8EC7-4303-94BC-74E882CAEABC}.Release|x64.ActiveCfg = Release|x64
		{D5512A21-8EC7-4303-94BC-74E882CAEABC}.Release|x64.Build.0 = Release|x64
		{D5512A21-8EC7-4303-94BC-74E882CAEABC}.Release|x86.ActiveCfg = Release|Win32
		{D5512A21-8EC7-4303-94BC-74E882CAEABC}.Release|x86.Build.0 = Release|Win32
		{9A70F7C9-331B-40DA-8164-9C3E7A203F12}.Debug|x64.ActiveCfg = Debug|x64
		{9A70F7C9-331B-40DA-8164-9C3E7A203F12}.Debug|x64.Build.0 = Debug|x64
		{9A70F7C9-331B-40DA-8164-9C3E7A203F12}.Debug|x86.ActiveCfg = Debug|Win32
		{9A70F7C9-331B-40DA-8164-9C3E7A203F12}.Debug|x86.Build.0 = Debug|Win32
		{9A70F7C9-331B-40DA-8164-9C3E7A203F12}.Release|x64.ActiveCfg = Release|x64
		{9A70F7C9-331B-40DA-8164-9C3E7A203F12}.Release|x64.Build.0 = Release|x64
		{9A70F7C9-331B-40DA-8164-9C3E7A203F12}.Release|x86.ActiveCfg = Release|Win32
		{9A70F7C9-331B-40DA-8164-9C3E7A203F12}.Release|x86.Build.0 = Release|Win32
		{4ACE6E93-7BDE-41D6-A3B5-6B7851AB5174}.Debug|x64.ActiveCfg = Debug|x64
		{4ACE6E93-7BDE-41D6-A3B5-6B7851AB5174}.Debug|x64.Build.0 = Debug|x64
		{4ACE6E93-7BDE-41D6-A3B5-6B7851AB5174}.Debug|x86.ActiveCfg = Debug|Win32
		{4ACE6E93-7BDE-41D6-A3B5-6B7851AB5174}.Debug|x86.Build.0 = Debug|Win32
		{4ACE6E93-7BDE-41D6-A3B5-6B7851AB5174}.Release|x64.ActiveCfg = Release|x64
		{4ACE6E93-7BDE-41D6-A3B5-6B7851AB5174}.Release|x64.Build.0 = Release|x64
		{4ACE6E93-7BDE-41D6-A3B5-6B7851AB5174}.Release|x86.ActiveCfg = Release|Win32
		{4ACE6E93-7BDE-41D6-A3B5-6B7851AB5174}.Release|x86.Build.0 = Release|Win32
		{7F3C3957-C113-4534-BA6A-63DEDCDADC22}.Debug|x64.ActiveCfg = Debug|x64
		{7F3C3957-C113-4534-BA6A-63DEDCDADC22}.Debug|x64.Build.0 = Debug|x64
		{7F3C3957-C113-4534-BA6A-63DEDCDADC22}.Debug|x86.ActiveCfg = Debug|Win32
		{7F3C3957-C113-4534-BA6A-63DEDCDADC22}.Debug|x86.Build.0 = Debug|Win32
		{7F3C3957-C113-4534-BA6A-63DEDCDADC22}.Release|x64.ActiveCfg = Release|x64
		{7F3C3957-C113-4534-BA6A-63DEDCDADC22}.Release|x64.Build.0 = Release|x64
		{7F3C3957-C113-4534-BA6A-63DEDCDADC22}.Release|x86.ActiveCfg = Release|Win32
		{7F3C3957-C113-4534-BA6A-63DEDCDADC22}.Release|x86.Build.0 = Release|Win32
		{5A4AC8D8-1874-4FE6-BD1A-8E9F53E7FDEC}.Debug|x64.ActiveCfg = Debug|x64
		{5A4AC8D8-1874-4FE6-BD1A-8E9F53E7FDEC}.Debug|x64.Build.0 = Debug|x64
		{5A4AC8D8-1874-4FE6-BD1A-8E9F53E7FDEC}.Debug|x86.ActiveCfg = Debug|Win32
		{5A4AC8D8-1874-4FE6-BD1A-8E9F53E7FDEC}.Debug|x86.Build.0 = Debug|Win32
		{5A4AC8D8-1874-4FE6-BD1A-8E9F53E7FDEC}.Release|x64.ActiveCfg = Release|x64
		{5A4AC8D8-1874-4FE6-BD1A-8E9F53E7FDEC}.Release|x64.Build.0 = Release|x64
		{5A4AC8D8-1874-4FE6-BD1A-8E9F53E7FDEC}.Release|x86.ActiveCfg = Release|Win32
		{5A4AC8D8-1874-4FE6-BD1A-8E9F53E7FDEC}.Release|x86.Build.0 = Release|Win32
		{44C8D64D-C91E-41BF-AD97-E80F1296F268}.Debug|x64.ActiveCfg = Debug|x64
		{44C8D64D-C91E-41BF-AD97-E80F1296F268}.Debug|x64.Build.0 = Debug|x64
		{44C8D64D-C91E-41BF-AD97-E80F1296F268}.Debug|x86.ActiveCfg = Debug|Win32
		{44C8D64D-C91E-41BF-AD97-E80F1296F268}.Debug|x86.Build.0 = Debug|Win32
		{44C8D64D-C91E-41BF-AD97-E80F1296F268}.Release|x64.ActiveCfg = Release|x64
		{44C8D64D-C91E-41BF-AD97-E80F1296F268}.Release|x64.Build.0 = Release|x64
		{44C8D64D-C91E-41BF-AD97-E80F1296F268}.Release|x86.ActiveCfg = Release|Win32
		{44C8D64D-C91E-41BF-AD97-E80F1296F268}.Release|x86.Build.0 = Release|Win32
		{0606D361-B1A0-4E99-9F50-A2CDA71FB297}.Debug|x64.ActiveCfg = Debug|x64
		{0606D361-B1A0-4E99-9F50-A2CDA71FB297}.Debug|x64.Build.0 = Debug|x64
		{0606D361-B1A0-4E99-9F50-A2CDA71FB297}.Debug|x86.ActiveCfg = Debug|Win32
		{0606D361-B1A0-4E99-9F50-A2CDA71FB297}.Debug|x86.Build.0 = Debug|Win32
		{0606D361-B1A0-4E99-9F50-A2CDA71FB297}.Release|x64.ActiveCfg = Release|x64
		{0606D361-B1A0-4E99-9F50-A2CDA71FB297}.Release|x64.Build.0 = Release|x64
		{0606D361-B1A0-4E99-9F50-A2CDA71FB297}.Release|x86.ActiveCfg = Release|Win32
		{0606D361-B1A0-4E99-9F50-A2CDA71FB297}.Release|x86.Build.0 = Release|Win32
		{DA17B92E-8AFF-48EC-807E-E629E4DE9630}.Debug|x64.ActiveCfg = Debug|x64
		{DA17B92E-8AFF-48EC-807E-E629E4DE9630}.Debug|x64.Build.0 = Debug|x64
		{DA17B92E-8AFF-48EC-807E-E629E4DE9630}.Debug|x86.ActiveCfg = Debug|Win32
		{DA17B92E-8AFF-48EC-807E-E629E4DE9630}.Debug|x86.Build.0 = Debug|Win32
		{DA17B92E-8AFF-48EC-807E-E629E4DE9630}.Release|x64.ActiveCfg = Release|x64
		{DA17B92E-8AFF-48EC-807E-E629E4DE9630}.Release|x64.Build.0 = Release|x64
		{DA17B92E-8AFF-48EC-807E-E629E4DE9630}.Release|x86.ActiveCfg = Release|Win32
		{DA17B92E-8AFF-48EC-807E-E629E4DE9630}.Release|x86.Build.0 = Release|Win32
		{4A414102-B570-4A5F-AD63-5D74D9DDEB78}.Debug|x64.ActiveCfg = Debug|x64
		{4A414102-B570-4A5F-AD63-5D74D9DDEB78}.Debug|x64.Build.0 = Debug|x64
		{4A414102-B570-4A5F-AD63-5D74D9DDEB78}.Debug|x86.ActiveCfg = Debug|Win32
		{4A414102-B570-4A5F-AD63-5D74D9DDEB78}.Debug|x86.Build.0 = Debug|Win32
		{4A414102-B570-4A5F-AD63-5D74D9DDEB78}.Release|x64.ActiveCfg = Release|x64
		{4A414102-B570-4A5F-AD63-5D74D9DDEB78}.Release|x64.Build.0 = Release|x64
		{4A414102-B570-4A5F-AD63-5D74D9DDEB78}.Release|x86.ActiveCfg = Release|Win32
		{4A414102-B570-4A5F-AD63-5D74D9DDEB78}.Release|x86.Build.0 = Release|Win32
		{A7E356EC-C1D3-4FCC-842C-A0428ECDCD3C}.Debug|x64.ActiveCfg = Debug|x64
		{A7E356EC-C1D3-4FCC-842C-A0428ECDCD3C}.Debug|x64.Build.0 = Debug|x64
		{A7E356EC-C1D3-4FCC-842C-A0428ECDCD3C}.Debug|x86.ActiveCfg = Debug|Win32
		{A7E356EC-C1D3-4FCC-842C-A0428ECDCD3C}.Debug|x86.Build.0 = Debug|Win32
		{A7E356EC-C1D3-4FCC-842C-A0428ECDCD3C}.Release|x64.ActiveCfg = Release|x64
		{A7E356EC-C1D3-4FCC-842C-A0428ECDCD3C}.Release|x64.Build.0 = Release|x64
		{A7E356EC-C1D3-4FCC-842C-A0428ECDCD3C}.Release|x86.ActiveCfg = Release|Win32
		{A7E356EC-C1D3-4FCC-842C-A0428ECDCD3C}.Release|x86.Build.0 = Release|Win32
	EndGlobalSection
	GlobalSection(SolutionProperties) = preSolution
		HideSolutionNode = FALSE
	EndGlobalSection
	GlobalSection(ExtensibilityGlobals) = postSolution
		SolutionGuid = {3E2FAC26-B452-4E68-96DE-AB19491B558D}
	EndGlobalSection
EndGlobal
